# THIS IS AN AUTOGENERATED FILE. DO NOT EDIT THIS FILE DIRECTLY.
# yarn lockfile v1


install@^0.12.1:
  version "0.12.1"
  resolved "https://registry.yarnpkg.com/install/-/install-0.12.1.tgz#38b2dd4489330e9af3eeaba93b9e3fc77dee7872"

yarn@^1.7.0:
  version "1.7.0"
  resolved "https://registry.yarnpkg.com/yarn/-/yarn-1.7.0.tgz#0076b9fde6010e01950526a609bc53bc175ef925"
